
Microsoft Visual Studio Solution File, Format Version 12.00
# Visual Studio Version 17
VisualStudioVersion = 17.0.31903.59
MinimumVisualStudioVersion = 10.0.40219.1
Project("{FAE04EC0-301F-11D3-BF4B-00C04F79EFBC}") = "GameCore", "..\shared\GameCore\GameCore.csproj", "{7A2FBF40-4F2E-4216-B30D-6217EB29588D}"
EndProject
Project("{FAE04EC0-301F-11D3-BF4B-00C04F79EFBC}") = "MatchService", "MatchService\MatchService.csproj", "{0A4EB052-BF0F-44D9-86BA-B0B3E9072683}"
EndProject
Global
	GlobalSection(SolutionConfigurationPlatforms) = preSolution
		Debug|Any CPU = Debug|Any CPU
		Release|Any CPU = Release|Any CPU
	EndGlobalSection
	GlobalSection(SolutionProperties) = preSolution
		HideSolutionNode = FALSE
	EndGlobalSection
	GlobalSection(ProjectConfigurationPlatforms) = postSolution
		{7A2FBF40-4F2E-4216-B30D-6217EB29588D}.Debug|Any CPU.ActiveCfg = Debug|Any CPU
		{7A2FBF40-4F2E-4216-B30D-6217EB29588D}.Debug|Any CPU.Build.0 = Debug|Any CPU
		{7A2FBF40-4F2E-4216-B30D-6217EB29588D}.Release|Any CPU.ActiveCfg = Release|Any CPU
		{7A2FBF40-4F2E-4216-B30D-6217EB29588D}.Release|Any CPU.Build.0 = Release|Any CPU
		{0A4EB052-BF0F-44D9-86BA-B0B3E9072683}.Debug|Any CPU.ActiveCfg = Debug|Any CPU
		{0A4EB052-BF0F-44D9-86BA-B0B3E9072683}.Debug|Any CPU.Build.0 = Debug|Any CPU
		{0A4EB052-BF0F-44D9-86BA-B0B3E9072683}.Release|Any CPU.ActiveCfg = Release|Any CPU
		{0A4EB052-BF0F-44D9-86BA-B0B3E9072683}.Release|Any CPU.Build.0 = Release|Any CPU
	EndGlobalSection
EndGlobal
